
Microsoft Visual Studio Solution File, Format Version 12.00
# Visual Studio Version 16
VisualStudioVersion = 16.0.29424.173
MinimumVisualStudioVersion = 15.0.26124.0
Project("{9A19103F-16F7-4668-BE54-9A1E7A4F7556}") = "MicrosoftDI.Sample", "MicrosoftDI.Sample.csproj", "{F4CD552C-3C09-4FEF-8456-6DD88E949A54}"
EndProject
Global
	GlobalSection(SolutionConfigurationPlatforms) = preSolution
		Debug|Any CPU = Debug|Any CPU
		Debug|x64 = Debug|x64
		Debug|x86 = Debug|x86
		Release|Any CPU = Release|Any CPU
		Release|x64 = Release|x64
		Release|x86 = Release|x86
	EndGlobalSection
	GlobalSection(ProjectConfigurationPlatforms) = postSolution
		{F4CD552C-3C09-4FEF-8456-6DD88E949A54}.Debug|Any CPU.ActiveCfg = Debug|Any CPU
		{F4CD552C-3C09-4FEF-8456-6DD88E949A54}.Debug|Any CPU.Build.0 = Debug|Any CPU
		{F4CD552C-3C09-4FEF-8456-6DD88E949A54}.Debug|x64.ActiveCfg = Debug|Any CPU
		{F4CD552C-3C09-4FEF-8456-6DD88E949A54}.Debug|x64.Build.0 = Debug|Any CPU
		{F4CD552C-3C09-4FEF-8456-6DD88E949A54}.Debug|x86.ActiveCfg = Debug|Any CPU
		{F4CD552C-3C09-4FEF-8456-6DD88E949A54}.Debug|x86.Build.0 = Debug|Any CPU
		{F4CD552C-3C09-4FEF-8456-6DD88E949A54}.Release|Any CPU.ActiveCfg = Release|Any CPU
		{F4CD552C-3C09-4FEF-8456-6DD88E949A54}.Release|Any CPU.Build.0 = Release|Any CPU
		{F4CD552C-3C09-4FEF-8456-6DD88E949A54}.Release|x64.ActiveCfg = Release|Any CPU
		{F4CD552C-3C09-4FEF-8456-6DD88E949A54}.Release|x64.Build.0 = Release|Any CPU
		{F4CD552C-3C09-4FEF-8456-6DD88E949A54}.Release|x86.ActiveCfg = Release|Any CPU
		{F4CD552C-3C09-4FEF-8456-6DD88E949A54}.Release|x86.Build.0 = Release|Any CPU
	EndGlobalSection
	GlobalSection(SolutionProperties) = preSolution
		HideSolutionNode = FALSE
	EndGlobalSection
	GlobalSection(ExtensibilityGlobals) = postSolution
		SolutionGuid = {F69BF7F3-DA2A-4651-9868-3702F051FED5}
	EndGlobalSection
EndGlobal
